
Microsoft Visual Studio Solution File, Format Version 12.00
# Visual Studio Version 16
VisualStudioVersion = 16.6.30114.105
MinimumVisualStudioVersion = 10.0.40219.1
Project("{9A19103F-16F7-4668-BE54-9A1E7A4F7556}") = "Data", "Data\Data.csproj", "{75DCC512-A76A-463D-88EA-7D27B6BA559B}"
EndProject
Project("{9A19103F-16F7-4668-BE54-9A1E7A4F7556}") = "ApplicationService", "ApplicationService\ApplicationService.csproj", "{CC3541FC-7C97-4C93-A2F0-73B7BBA33BB0}"
EndProject
Project("{2150E333-8FDC-42A3-9474-1A3956D46DE8}") = "Core", "Core", "{A403F832-54E7-45B4-9FE9-1923AFE25838}"
EndProject
Project("{2150E333-8FDC-42A3-9474-1A3956D46DE8}") = "Presentation", "Presentation", "{ECB01CDC-4FFD-4051-ADC8-A24C3DE7FA98}"
EndProject
Project("{9A19103F-16F7-4668-BE54-9A1E7A4F7556}") = "WebAPI", "WebAPI\WebAPI.csproj", "{291A6E32-0D72-4712-AE5C-C4D3399E7972}"
EndProject
Project("{2150E333-8FDC-42A3-9474-1A3956D46DE8}") = "DAL", "DAL", "{5EBB9896-6B22-4C15-ACB5-14F0A6DC7123}"
EndProject
Project("{2150E333-8FDC-42A3-9474-1A3956D46DE8}") = "BLL", "BLL", "{1995809F-97D4-45D6-B2E6-2AE5B5FC683F}"
EndProject
Project("{2150E333-8FDC-42A3-9474-1A3956D46DE8}") = "Repositories", "Repositories", "{B0EBD312-1163-4540-9F0F-DA682EEAAF6C}"
EndProject
Project("{9A19103F-16F7-4668-BE54-9A1E7A4F7556}") = "Repository", "Repository\Repository.csproj", "{02BB0766-8595-4F21-A1A6-E155BF3D5487}"
EndProject
Project("{2150E333-8FDC-42A3-9474-1A3956D46DE8}") = "Clients", "Clients", "{9EBC4BBE-14E6-4DD2-8426-D96DD2C3D4FF}"
EndProject
Project("{2150E333-8FDC-42A3-9474-1A3956D46DE8}") = "WebAPI's", "WebAPI's", "{2BCEF04D-31FA-4B6E-97E5-3E5E275499C0}"
EndProject
Project("{9A19103F-16F7-4668-BE54-9A1E7A4F7556}") = "StoreAdminMVC", "StoreAdminMVC\StoreAdminMVC.csproj", "{AD930A42-FDD9-4806-A976-1ED5E43AA79A}"
EndProject
Project("{9A19103F-16F7-4668-BE54-9A1E7A4F7556}") = "StoreMVC", "StoreMVC\StoreMVC.csproj", "{70A6AB8F-BB90-4D5D-8149-24A3E9B80749}"
EndProject
Project("{FAE04EC0-301F-11D3-BF4B-00C04F79EFBC}") = "StoreReact", "StoreReact\StoreReact.csproj", "{060D8B5C-D410-4572-AAD2-155838ACD6BC}"
EndProject
Global
	GlobalSection(SolutionConfigurationPlatforms) = preSolution
		Debug|Any CPU = Debug|Any CPU
		Debug|x64 = Debug|x64
		Debug|x86 = Debug|x86
		Release|Any CPU = Release|Any CPU
		Release|x64 = Release|x64
		Release|x86 = Release|x86
	EndGlobalSection
	GlobalSection(ProjectConfigurationPlatforms) = postSolution
		{75DCC512-A76A-463D-88EA-7D27B6BA559B}.Debug|Any CPU.ActiveCfg = Debug|Any CPU
		{75DCC512-A76A-463D-88EA-7D27B6BA559B}.Debug|Any CPU.Build.0 = Debug|Any CPU
		{75DCC512-A76A-463D-88EA-7D27B6BA559B}.Debug|x64.ActiveCfg = Debug|Any CPU
		{75DCC512-A76A-463D-88EA-7D27B6BA559B}.Debug|x64.Build.0 = Debug|Any CPU
		{75DCC512-A76A-463D-88EA-7D27B6BA559B}.Debug|x86.ActiveCfg = Debug|Any CPU
		{75DCC512-A76A-463D-88EA-7D27B6BA559B}.Debug|x86.Build.0 = Debug|Any CPU
		{75DCC512-A76A-463D-88EA-7D27B6BA559B}.Release|Any CPU.ActiveCfg = Release|Any CPU
		{75DCC512-A76A-463D-88EA-7D27B6BA559B}.Release|Any CPU.Build.0 = Release|Any CPU
		{75DCC512-A76A-463D-88EA-7D27B6BA559B}.Release|x64.ActiveCfg = Release|Any CPU
		{75DCC512-A76A-463D-88EA-7D27B6BA559B}.Release|x64.Build.0 = Release|Any CPU
		{75DCC512-A76A-463D-88EA-7D27B6BA559B}.Release|x86.ActiveCfg = Release|Any CPU
		{75DCC512-A76A-463D-88EA-7D27B6BA559B}.Release|x86.Build.0 = Release|Any CPU
		{CC3541FC-7C97-4C93-A2F0-73B7BBA33BB0}.Debug|Any CPU.ActiveCfg = Debug|Any CPU
		{CC3541FC-7C97-4C93-A2F0-73B7BBA33BB0}.Debug|Any CPU.Build.0 = Debug|Any CPU
		{CC3541FC-7C97-4C93-A2F0-73B7BBA33BB0}.Debug|x64.ActiveCfg = Debug|Any CPU
		{CC3541FC-7C97-4C93-A2F0-73B7BBA33BB0}.Debug|x64.Build.0 = Debug|Any CPU
		{CC3541FC-7C97-4C93-A2F0-73B7BBA33BB0}.Debug|x86.ActiveCfg = Debug|Any CPU
		{CC3541FC-7C97-4C93-A2F0-73B7BBA33BB0}.Debug|x86.Build.0 = Debug|Any CPU
		{CC3541FC-7C97-4C93-A2F0-73B7BBA33BB0}.Release|Any CPU.ActiveCfg = Release|Any CPU
		{CC3541FC-7C97-4C93-A2F0-73B7BBA33BB0}.Release|Any CPU.Build.0 = Release|Any CPU
		{CC3541FC-7C97-4C93-A2F0-73B7BBA33BB0}.Release|x64.ActiveCfg = Release|Any CPU
		{CC3541FC-7C97-4C93-A2F0-73B7BBA33BB0}.Release|x64.Build.0 = Release|Any CPU
		{CC3541FC-7C97-4C93-A2F0-73B7BBA33BB0}.Release|x86.ActiveCfg = Release|Any CPU
		{CC3541FC-7C97-4C93-A2F0-73B7BBA33BB0}.Release|x86.Build.0 = Release|Any CPU
		{291A6E32-0D72-4712-AE5C-C4D3399E7972}.Debug|Any CPU.ActiveCfg = Debug|Any CPU
		{291A6E32-0D72-4712-AE5C-C4D3399E7972}.Debug|Any CPU.Build.0 = Debug|Any CPU
		{291A6E32-0D72-4712-AE5C-C4D3399E7972}.Debug|x64.ActiveCfg = Debug|Any CPU
		{291A6E32-0D72-4712-AE5C-C4D3399E7972}.Debug|x64.Build.0 = Debug|Any CPU
		{291A6E32-0D72-4712-AE5C-C4D3399E7972}.Debug|x86.ActiveCfg = Debug|Any CPU
		{291A6E32-0D72-4712-AE5C-C4D3399E7972}.Debug|x86.Build.0 = Debug|Any CPU
		{291A6E32-0D72-4712-AE5C-C4D3399E7972}.Release|Any CPU.ActiveCfg = Release|Any CPU
		{291A6E32-0D72-4712-AE5C-C4D3399E7972}.Release|Any CPU.Build.0 = Release|Any CPU
		{291A6E32-0D72-4712-AE5C-C4D3399E7972}.Release|x64.ActiveCfg = Release|Any CPU
		{291A6E32-0D72-4712-AE5C-C4D3399E7972}.Release|x64.Build.0 = Release|Any CPU
		{291A6E32-0D72-4712-AE5C-C4D3399E7972}.Release|x86.ActiveCfg = Release|Any CPU
		{291A6E32-0D72-4712-AE5C-C4D3399E7972}.Release|x86.Build.0 = Release|Any CPU
		{02BB0766-8595-4F21-A1A6-E155BF3D5487}.Debug|Any CPU.ActiveCfg = Debug|Any CPU
		{02BB0766-8595-4F21-A1A6-E155BF3D5487}.Debug|Any CPU.Build.0 = Debug|Any CPU
		{02BB0766-8595-4F21-A1A6-E155BF3D5487}.Debug|x64.ActiveCfg = Debug|Any CPU
		{02BB0766-8595-4F21-A1A6-E155BF3D5487}.Debug|x64.Build.0 = Debug|Any CPU
		{02BB0766-8595-4F21-A1A6-E155BF3D5487}.Debug|x86.ActiveCfg = Debug|Any CPU
		{02BB0766-8595-4F21-A1A6-E155BF3D5487}.Debug|x86.Build.0 = Debug|Any CPU
		{02BB0766-8595-4F21-A1A6-E155BF3D5487}.Release|Any CPU.ActiveCfg = Release|Any CPU
		{02BB0766-8595-4F21-A1A6-E155BF3D5487}.Release|Any CPU.Build.0 = Release|Any CPU
		{02BB0766-8595-4F21-A1A6-E155BF3D5487}.Release|x64.ActiveCfg = Release|Any CPU
		{02BB0766-8595-4F21-A1A6-E155BF3D5487}.Release|x64.Build.0 = Release|Any CPU
		{02BB0766-8595-4F21-A1A6-E155BF3D5487}.Release|x86.ActiveCfg = Release|Any CPU
		{02BB0766-8595-4F21-A1A6-E155BF3D5487}.Release|x86.Build.0 = Release|Any CPU
		{AD930A42-FDD9-4806-A976-1ED5E43AA79A}.Debug|Any CPU.ActiveCfg = Debug|Any CPU
		{AD930A42-FDD9-4806-A976-1ED5E43AA79A}.Debug|Any CPU.Build.0 = Debug|Any CPU
		{AD930A42-FDD9-4806-A976-1ED5E43AA79A}.Debug|x64.ActiveCfg = Debug|Any CPU
		{AD930A42-FDD9-4806-A976-1ED5E43AA79A}.Debug|x64.Build.0 = Debug|Any CPU
		{AD930A42-FDD9-4806-A976-1ED5E43AA79A}.Debug|x86.ActiveCfg = Debug|Any CPU
		{AD930A42-FDD9-4806-A976-1ED5E43AA79A}.Debug|x86.Build.0 = Debug|Any CPU
		{AD930A42-FDD9-4806-A976-1ED5E43AA79A}.Release|Any CPU.ActiveCfg = Release|Any CPU
		{AD930A42-FDD9-4806-A976-1ED5E43AA79A}.Release|Any CPU.Build.0 = Release|Any CPU
		{AD930A42-FDD9-4806-A976-1ED5E43AA79A}.Release|x64.ActiveCfg = Release|Any CPU
		{AD930A42-FDD9-4806-A976-1ED5E43AA79A}.Release|x64.Build.0 = Release|Any CPU
		{AD930A42-FDD9-4806-A976-1ED5E43AA79A}.Release|x86.ActiveCfg = Release|Any CPU
		{AD930A42-FDD9-4806-A976-1ED5E43AA79A}.Release|x86.Build.0 = Release|Any CPU
		{70A6AB8F-BB90-4D5D-8149-24A3E9B80749}.Debug|Any CPU.ActiveCfg = Debug|Any CPU
		{70A6AB8F-BB90-4D5D-8149-24A3E9B80749}.Debug|Any CPU.Build.0 = Debug|Any CPU
		{70A6AB8F-BB90-4D5D-8149-24A3E9B80749}.Debug|x64.ActiveCfg = Debug|Any CPU
		{70A6AB8F-BB90-4D5D-8149-24A3E9B80749}.Debug|x64.Build.0 = Debug|Any CPU
		{70A6AB8F-BB90-4D5D-8149-24A3E9B80749}.Debug|x86.ActiveCfg = Debug|Any CPU
		{70A6AB8F-BB90-4D5D-8149-24A3E9B80749}.Debug|x86.Build.0 = Debug|Any CPU
		{70A6AB8F-BB90-4D5D-8149-24A3E9B80749}.Release|Any CPU.ActiveCfg = Release|Any CPU
		{70A6AB8F-BB90-4D5D-8149-24A3E9B80749}.Release|Any CPU.Build.0 = Release|Any CPU
		{70A6AB8F-BB90-4D5D-8149-24A3E9B80749}.Release|x64.ActiveCfg = Release|Any CPU
		{70A6AB8F-BB90-4D5D-8149-24A3E9B80749}.Release|x64.Build.0 = Release|Any CPU
		{70A6AB8F-BB90-4D5D-8149-24A3E9B80749}.Release|x86.ActiveCfg = Release|Any CPU
		{70A6AB8F-BB90-4D5D-8149-24A3E9B80749}.Release|x86.Build.0 = Release|Any CPU
		{060D8B5C-D410-4572-AAD2-155838ACD6BC}.Debug|Any CPU.ActiveCfg = Debug|Any CPU
		{060D8B5C-D410-4572-AAD2-155838ACD6BC}.Debug|Any CPU.Build.0 = Debug|Any CPU
		{060D8B5C-D410-4572-AAD2-155838ACD6BC}.Debug|x64.ActiveCfg = Debug|Any CPU
		{060D8B5C-D410-4572-AAD2-155838ACD6BC}.Debug|x64.Build.0 = Debug|Any CPU
		{060D8B5C-D410-4572-AAD2-155838ACD6BC}.Debug|x86.ActiveCfg = Debug|Any CPU
		{060D8B5C-D410-4572-AAD2-155838ACD6BC}.Debug|x86.Build.0 = Debug|Any CPU
		{060D8B5C-D410-4572-AAD2-155838ACD6BC}.Release|Any CPU.ActiveCfg = Release|Any CPU
		{060D8B5C-D410-4572-AAD2-155838ACD6BC}.Release|Any CPU.Build.0 = Release|Any CPU
		{060D8B5C-D410-4572-AAD2-155838ACD6BC}.Release|x64.ActiveCfg = Release|Any CPU
		{060D8B5C-D410-4572-AAD2-155838ACD6BC}.Release|x64.Build.0 = Release|Any CPU
		{060D8B5C-D410-4572-AAD2-155838ACD6BC}.Release|x86.ActiveCfg = Release|Any CPU
		{060D8B5C-D410-4572-AAD2-155838ACD6BC}.Release|x86.Build.0 = Release|Any CPU
	EndGlobalSection
	GlobalSection(SolutionProperties) = preSolution
		HideSolutionNode = FALSE
	EndGlobalSection
	GlobalSection(NestedProjects) = preSolution
		{75DCC512-A76A-463D-88EA-7D27B6BA559B} = {5EBB9896-6B22-4C15-ACB5-14F0A6DC7123}
		{CC3541FC-7C97-4C93-A2F0-73B7BBA33BB0} = {1995809F-97D4-45D6-B2E6-2AE5B5FC683F}
		{291A6E32-0D72-4712-AE5C-C4D3399E7972} = {2BCEF04D-31FA-4B6E-97E5-3E5E275499C0}
		{5EBB9896-6B22-4C15-ACB5-14F0A6DC7123} = {A403F832-54E7-45B4-9FE9-1923AFE25838}
		{1995809F-97D4-45D6-B2E6-2AE5B5FC683F} = {A403F832-54E7-45B4-9FE9-1923AFE25838}
		{B0EBD312-1163-4540-9F0F-DA682EEAAF6C} = {A403F832-54E7-45B4-9FE9-1923AFE25838}
		{02BB0766-8595-4F21-A1A6-E155BF3D5487} = {B0EBD312-1163-4540-9F0F-DA682EEAAF6C}
		{9EBC4BBE-14E6-4DD2-8426-D96DD2C3D4FF} = {ECB01CDC-4FFD-4051-ADC8-A24C3DE7FA98}
		{2BCEF04D-31FA-4B6E-97E5-3E5E275499C0} = {ECB01CDC-4FFD-4051-ADC8-A24C3DE7FA98}
		{AD930A42-FDD9-4806-A976-1ED5E43AA79A} = {9EBC4BBE-14E6-4DD2-8426-D96DD2C3D4FF}
		{70A6AB8F-BB90-4D5D-8149-24A3E9B80749} = {9EBC4BBE-14E6-4DD2-8426-D96DD2C3D4FF}
		{060D8B5C-D410-4572-AAD2-155838ACD6BC} = {9EBC4BBE-14E6-4DD2-8426-D96DD2C3D4FF}
	EndGlobalSection
	GlobalSection(ExtensibilityGlobals) = postSolution
		SolutionGuid = {5EE8E3A8-C52B-48BB-84F6-179AEA0396B7}
	EndGlobalSection
EndGlobal
