
Microsoft Visual Studio Solution File, Format Version 12.00
# Visual Studio Version 17
VisualStudioVersion = 17.0.32112.339
MinimumVisualStudioVersion = 10.0.40219.1
Project("{9A19103F-16F7-4668-BE54-9A1E7A4F7556}") = "MarketPlace.Api", "WebAPI\MarketPlace.Api.csproj", "{291A6E32-0D72-4712-AE5C-C4D3399E7972}"
EndProject
Project("{E53339B2-1760-4266-BCC7-CA923CBCF16C}") = "docker-compose", "docker-compose.dcproj", "{18A4A5B7-EA2C-471D-A822-70AF025589BF}"
EndProject
Project("{2150E333-8FDC-42A3-9474-1A3956D46DE8}") = "src", "src", "{7DCAB260-0D38-400C-9789-7A8EAD7B986C}"
EndProject
Project("{2150E333-8FDC-42A3-9474-1A3956D46DE8}") = "test", "test", "{E8BABE13-3D38-4400-83DC-16ACFF3C6644}"
EndProject
Project("{2150E333-8FDC-42A3-9474-1A3956D46DE8}") = "Core", "Core", "{F2774EAF-23A9-435A-A155-22580C8BE180}"
EndProject
Project("{2150E333-8FDC-42A3-9474-1A3956D46DE8}") = "Infrastructure", "Infrastructure", "{46C4A822-65B2-456A-BB4F-D3155709CD5E}"
EndProject
Project("{2150E333-8FDC-42A3-9474-1A3956D46DE8}") = "API", "API", "{E404D1BB-21EA-4CDC-960A-3D72623DF1C6}"
EndProject
Project("{2150E333-8FDC-42A3-9474-1A3956D46DE8}") = "UI", "UI", "{37B33A28-2110-40D0-BDAC-DF6E5EFD8AA4}"
EndProject
Project("{9A19103F-16F7-4668-BE54-9A1E7A4F7556}") = "MarketPlace.Domain", "MarketPlace.Domain\MarketPlace.Domain.csproj", "{6A141A0C-C8B9-4D50-A8C4-1D81DD70B3E5}"
EndProject
Project("{9A19103F-16F7-4668-BE54-9A1E7A4F7556}") = "MarketPlace.Application", "MarketPlace.Application\MarketPlace.Application.csproj", "{70FCF583-8771-4C3B-BBCE-8741A447F995}"
EndProject
Project("{9A19103F-16F7-4668-BE54-9A1E7A4F7556}") = "MarketPlace.Persistence", "MarketPlace.Persistence\MarketPlace.Persistence.csproj", "{045DC5ED-5E6C-45A7-91A6-31142E54E72B}"
EndProject
Project("{9A19103F-16F7-4668-BE54-9A1E7A4F7556}") = "MarketPlace.Infrastructure", "MarketPlace.Infrastructure\MarketPlace.Infrastructure.csproj", "{5CF84359-2612-4206-96EA-DC93F4B95399}"
EndProject
Project("{FAE04EC0-301F-11D3-BF4B-00C04F79EFBC}") = "MarketPlace.Application.UnitTests", "MarketPlace.Application.UnitTests\MarketPlace.Application.UnitTests.csproj", "{18713635-8C5E-463F-99A1-794BA78E219D}"
EndProject
Global
	GlobalSection(SolutionConfigurationPlatforms) = preSolution
		Debug|Any CPU = Debug|Any CPU
		Debug|x64 = Debug|x64
		Debug|x86 = Debug|x86
		Release|Any CPU = Release|Any CPU
		Release|x64 = Release|x64
		Release|x86 = Release|x86
	EndGlobalSection
	GlobalSection(ProjectConfigurationPlatforms) = postSolution
		{291A6E32-0D72-4712-AE5C-C4D3399E7972}.Debug|Any CPU.ActiveCfg = Debug|Any CPU
		{291A6E32-0D72-4712-AE5C-C4D3399E7972}.Debug|Any CPU.Build.0 = Debug|Any CPU
		{291A6E32-0D72-4712-AE5C-C4D3399E7972}.Debug|x64.ActiveCfg = Debug|Any CPU
		{291A6E32-0D72-4712-AE5C-C4D3399E7972}.Debug|x64.Build.0 = Debug|Any CPU
		{291A6E32-0D72-4712-AE5C-C4D3399E7972}.Debug|x86.ActiveCfg = Debug|Any CPU
		{291A6E32-0D72-4712-AE5C-C4D3399E7972}.Debug|x86.Build.0 = Debug|Any CPU
		{291A6E32-0D72-4712-AE5C-C4D3399E7972}.Release|Any CPU.ActiveCfg = Release|Any CPU
		{291A6E32-0D72-4712-AE5C-C4D3399E7972}.Release|Any CPU.Build.0 = Release|Any CPU
		{291A6E32-0D72-4712-AE5C-C4D3399E7972}.Release|x64.ActiveCfg = Release|Any CPU
		{291A6E32-0D72-4712-AE5C-C4D3399E7972}.Release|x64.Build.0 = Release|Any CPU
		{291A6E32-0D72-4712-AE5C-C4D3399E7972}.Release|x86.ActiveCfg = Release|Any CPU
		{291A6E32-0D72-4712-AE5C-C4D3399E7972}.Release|x86.Build.0 = Release|Any CPU
		{18A4A5B7-EA2C-471D-A822-70AF025589BF}.Debug|Any CPU.ActiveCfg = Debug|Any CPU
		{18A4A5B7-EA2C-471D-A822-70AF025589BF}.Debug|Any CPU.Build.0 = Debug|Any CPU
		{18A4A5B7-EA2C-471D-A822-70AF025589BF}.Debug|x64.ActiveCfg = Debug|Any CPU
		{18A4A5B7-EA2C-471D-A822-70AF025589BF}.Debug|x64.Build.0 = Debug|Any CPU
		{18A4A5B7-EA2C-471D-A822-70AF025589BF}.Debug|x86.ActiveCfg = Debug|Any CPU
		{18A4A5B7-EA2C-471D-A822-70AF025589BF}.Debug|x86.Build.0 = Debug|Any CPU
		{18A4A5B7-EA2C-471D-A822-70AF025589BF}.Release|Any CPU.ActiveCfg = Release|Any CPU
		{18A4A5B7-EA2C-471D-A822-70AF025589BF}.Release|Any CPU.Build.0 = Release|Any CPU
		{18A4A5B7-EA2C-471D-A822-70AF025589BF}.Release|x64.ActiveCfg = Release|Any CPU
		{18A4A5B7-EA2C-471D-A822-70AF025589BF}.Release|x64.Build.0 = Release|Any CPU
		{18A4A5B7-EA2C-471D-A822-70AF025589BF}.Release|x86.ActiveCfg = Release|Any CPU
		{18A4A5B7-EA2C-471D-A822-70AF025589BF}.Release|x86.Build.0 = Release|Any CPU
		{6A141A0C-C8B9-4D50-A8C4-1D81DD70B3E5}.Debug|Any CPU.ActiveCfg = Debug|Any CPU
		{6A141A0C-C8B9-4D50-A8C4-1D81DD70B3E5}.Debug|Any CPU.Build.0 = Debug|Any CPU
		{6A141A0C-C8B9-4D50-A8C4-1D81DD70B3E5}.Debug|x64.ActiveCfg = Debug|Any CPU
		{6A141A0C-C8B9-4D50-A8C4-1D81DD70B3E5}.Debug|x64.Build.0 = Debug|Any CPU
		{6A141A0C-C8B9-4D50-A8C4-1D81DD70B3E5}.Debug|x86.ActiveCfg = Debug|Any CPU
		{6A141A0C-C8B9-4D50-A8C4-1D81DD70B3E5}.Debug|x86.Build.0 = Debug|Any CPU
		{6A141A0C-C8B9-4D50-A8C4-1D81DD70B3E5}.Release|Any CPU.ActiveCfg = Release|Any CPU
		{6A141A0C-C8B9-4D50-A8C4-1D81DD70B3E5}.Release|Any CPU.Build.0 = Release|Any CPU
		{6A141A0C-C8B9-4D50-A8C4-1D81DD70B3E5}.Release|x64.ActiveCfg = Release|Any CPU
		{6A141A0C-C8B9-4D50-A8C4-1D81DD70B3E5}.Release|x64.Build.0 = Release|Any CPU
		{6A141A0C-C8B9-4D50-A8C4-1D81DD70B3E5}.Release|x86.ActiveCfg = Release|Any CPU
		{6A141A0C-C8B9-4D50-A8C4-1D81DD70B3E5}.Release|x86.Build.0 = Release|Any CPU
		{70FCF583-8771-4C3B-BBCE-8741A447F995}.Debug|Any CPU.ActiveCfg = Debug|Any CPU
		{70FCF583-8771-4C3B-BBCE-8741A447F995}.Debug|Any CPU.Build.0 = Debug|Any CPU
		{70FCF583-8771-4C3B-BBCE-8741A447F995}.Debug|x64.ActiveCfg = Debug|Any CPU
		{70FCF583-8771-4C3B-BBCE-8741A447F995}.Debug|x64.Build.0 = Debug|Any CPU
		{70FCF583-8771-4C3B-BBCE-8741A447F995}.Debug|x86.ActiveCfg = Debug|Any CPU
		{70FCF583-8771-4C3B-BBCE-8741A447F995}.Debug|x86.Build.0 = Debug|Any CPU
		{70FCF583-8771-4C3B-BBCE-8741A447F995}.Release|Any CPU.ActiveCfg = Release|Any CPU
		{70FCF583-8771-4C3B-BBCE-8741A447F995}.Release|Any CPU.Build.0 = Release|Any CPU
		{70FCF583-8771-4C3B-BBCE-8741A447F995}.Release|x64.ActiveCfg = Release|Any CPU
		{70FCF583-8771-4C3B-BBCE-8741A447F995}.Release|x64.Build.0 = Release|Any CPU
		{70FCF583-8771-4C3B-BBCE-8741A447F995}.Release|x86.ActiveCfg = Release|Any CPU
		{70FCF583-8771-4C3B-BBCE-8741A447F995}.Release|x86.Build.0 = Release|Any CPU
		{045DC5ED-5E6C-45A7-91A6-31142E54E72B}.Debug|Any CPU.ActiveCfg = Debug|Any CPU
		{045DC5ED-5E6C-45A7-91A6-31142E54E72B}.Debug|Any CPU.Build.0 = Debug|Any CPU
		{045DC5ED-5E6C-45A7-91A6-31142E54E72B}.Debug|x64.ActiveCfg = Debug|Any CPU
		{045DC5ED-5E6C-45A7-91A6-31142E54E72B}.Debug|x64.Build.0 = Debug|Any CPU
		{045DC5ED-5E6C-45A7-91A6-31142E54E72B}.Debug|x86.ActiveCfg = Debug|Any CPU
		{045DC5ED-5E6C-45A7-91A6-31142E54E72B}.Debug|x86.Build.0 = Debug|Any CPU
		{045DC5ED-5E6C-45A7-91A6-31142E54E72B}.Release|Any CPU.ActiveCfg = Release|Any CPU
		{045DC5ED-5E6C-45A7-91A6-31142E54E72B}.Release|Any CPU.Build.0 = Release|Any CPU
		{045DC5ED-5E6C-45A7-91A6-31142E54E72B}.Release|x64.ActiveCfg = Release|Any CPU
		{045DC5ED-5E6C-45A7-91A6-31142E54E72B}.Release|x64.Build.0 = Release|Any CPU
		{045DC5ED-5E6C-45A7-91A6-31142E54E72B}.Release|x86.ActiveCfg = Release|Any CPU
		{045DC5ED-5E6C-45A7-91A6-31142E54E72B}.Release|x86.Build.0 = Release|Any CPU
		{5CF84359-2612-4206-96EA-DC93F4B95399}.Debug|Any CPU.ActiveCfg = Debug|Any CPU
		{5CF84359-2612-4206-96EA-DC93F4B95399}.Debug|Any CPU.Build.0 = Debug|Any CPU
		{5CF84359-2612-4206-96EA-DC93F4B95399}.Debug|x64.ActiveCfg = Debug|Any CPU
		{5CF84359-2612-4206-96EA-DC93F4B95399}.Debug|x64.Build.0 = Debug|Any CPU
		{5CF84359-2612-4206-96EA-DC93F4B95399}.Debug|x86.ActiveCfg = Debug|Any CPU
		{5CF84359-2612-4206-96EA-DC93F4B95399}.Debug|x86.Build.0 = Debug|Any CPU
		{5CF84359-2612-4206-96EA-DC93F4B95399}.Release|Any CPU.ActiveCfg = Release|Any CPU
		{5CF84359-2612-4206-96EA-DC93F4B95399}.Release|Any CPU.Build.0 = Release|Any CPU
		{5CF84359-2612-4206-96EA-DC93F4B95399}.Release|x64.ActiveCfg = Release|Any CPU
		{5CF84359-2612-4206-96EA-DC93F4B95399}.Release|x64.Build.0 = Release|Any CPU
		{5CF84359-2612-4206-96EA-DC93F4B95399}.Release|x86.ActiveCfg = Release|Any CPU
		{5CF84359-2612-4206-96EA-DC93F4B95399}.Release|x86.Build.0 = Release|Any CPU
		{18713635-8C5E-463F-99A1-794BA78E219D}.Debug|Any CPU.ActiveCfg = Debug|Any CPU
		{18713635-8C5E-463F-99A1-794BA78E219D}.Debug|Any CPU.Build.0 = Debug|Any CPU
		{18713635-8C5E-463F-99A1-794BA78E219D}.Debug|x64.ActiveCfg = Debug|Any CPU
		{18713635-8C5E-463F-99A1-794BA78E219D}.Debug|x64.Build.0 = Debug|Any CPU
		{18713635-8C5E-463F-99A1-794BA78E219D}.Debug|x86.ActiveCfg = Debug|Any CPU
		{18713635-8C5E-463F-99A1-794BA78E219D}.Debug|x86.Build.0 = Debug|Any CPU
		{18713635-8C5E-463F-99A1-794BA78E219D}.Release|Any CPU.ActiveCfg = Release|Any CPU
		{18713635-8C5E-463F-99A1-794BA78E219D}.Release|Any CPU.Build.0 = Release|Any CPU
		{18713635-8C5E-463F-99A1-794BA78E219D}.Release|x64.ActiveCfg = Release|Any CPU
		{18713635-8C5E-463F-99A1-794BA78E219D}.Release|x64.Build.0 = Release|Any CPU
		{18713635-8C5E-463F-99A1-794BA78E219D}.Release|x86.ActiveCfg = Release|Any CPU
		{18713635-8C5E-463F-99A1-794BA78E219D}.Release|x86.Build.0 = Release|Any CPU
	EndGlobalSection
	GlobalSection(SolutionProperties) = preSolution
		HideSolutionNode = FALSE
	EndGlobalSection
	GlobalSection(NestedProjects) = preSolution
		{291A6E32-0D72-4712-AE5C-C4D3399E7972} = {E404D1BB-21EA-4CDC-960A-3D72623DF1C6}
		{18A4A5B7-EA2C-471D-A822-70AF025589BF} = {E404D1BB-21EA-4CDC-960A-3D72623DF1C6}
		{F2774EAF-23A9-435A-A155-22580C8BE180} = {7DCAB260-0D38-400C-9789-7A8EAD7B986C}
		{46C4A822-65B2-456A-BB4F-D3155709CD5E} = {7DCAB260-0D38-400C-9789-7A8EAD7B986C}
		{E404D1BB-21EA-4CDC-960A-3D72623DF1C6} = {7DCAB260-0D38-400C-9789-7A8EAD7B986C}
		{37B33A28-2110-40D0-BDAC-DF6E5EFD8AA4} = {7DCAB260-0D38-400C-9789-7A8EAD7B986C}
		{6A141A0C-C8B9-4D50-A8C4-1D81DD70B3E5} = {F2774EAF-23A9-435A-A155-22580C8BE180}
		{70FCF583-8771-4C3B-BBCE-8741A447F995} = {F2774EAF-23A9-435A-A155-22580C8BE180}
		{045DC5ED-5E6C-45A7-91A6-31142E54E72B} = {46C4A822-65B2-456A-BB4F-D3155709CD5E}
		{5CF84359-2612-4206-96EA-DC93F4B95399} = {46C4A822-65B2-456A-BB4F-D3155709CD5E}
		{18713635-8C5E-463F-99A1-794BA78E219D} = {E8BABE13-3D38-4400-83DC-16ACFF3C6644}
	EndGlobalSection
	GlobalSection(ExtensibilityGlobals) = postSolution
		SolutionGuid = {5EE8E3A8-C52B-48BB-84F6-179AEA0396B7}
	EndGlobalSection
EndGlobal
